{
  "version": 4,
  "terraform_version": "1.1.7",
  "serial": 11,
  "lineage": "e9455f47-c4b6-f0e7-00ff-5aad8341667c",
  "outputs": {},
  "resources": [
    {
      "mode": "data",
      "type": "aws_subnets",
      "name": "existing_subnets",
      "provider": "provider[\"registry.terraform.io/hashicorp/aws\"]",
      "instances": [
        {
          "schema_version": 0,
          "attributes": {
            "filter": [
              {
                "name": "tag:Name",
                "values": [
                  "inc-sandbox-2-sub-private-*"
                ]
              }
            ],
            "id": "ap-northeast-2",
            "ids": [
              "subnet-0f0102a0b05b176ca",
              "subnet-0e392f4999cfc95f1"
            ],
            "tags": null,
            "timeouts": null
          },
          "sensitive_attributes": []
        }
      ]
    },
    {
      "mode": "managed",
      "type": "aws_eks_cluster",
      "name": "eks_cluster",
      "provider": "provider[\"registry.terraform.io/hashicorp/aws\"]",
      "instances": [
        {
          "schema_version": 1,
          "attributes": {
            "access_config": [
              {
                "authentication_mode": "API_AND_CONFIG_MAP",
                "bootstrap_cluster_creator_admin_permissions": false
              }
            ],
            "arn": "arn:aws:eks:ap-northeast-2:471627162277:cluster/alin-karpenter-cluster-132",
            "bootstrap_self_managed_addons": true,
            "certificate_authority": [
              {
                "data": "LS0tLS1CRUdJTiBDRVJUSUZJQ0FURS0tLS0tCk1JSURCVENDQWUyZ0F3SUJBZ0lJVmwzQWRmcGpDNVl3RFFZSktvWklodmNOQVFFTEJRQXdGVEVUTUJFR0ExVUUKQXhNS2EzVmlaWEp1WlhSbGN6QWVGdzB5TlRBME1UVXdORFEzTURCYUZ3MHpOVEEwTVRNd05EVXlNREJhTUJVeApFekFSQmdOVkJBTVRDbXQxWW1WeWJtVjBaWE13Z2dFaU1BMEdDU3FHU0liM0RRRUJBUVVBQTRJQkR3QXdnZ0VLCkFvSUJBUURSYis2aGJDQWVENDhaQnpnajlSMC8vV1dTNzJYWXBMemh0elNxcy9ydG9iSlhTR012eVkwWlNrc1kKWVg0MXlrVXFwSHJMUVlnN0hORm91QzdRdVBuUHhVTmw3VzdHZXk2anZpWHBjclFYNm1idGxhUTdGejh2ZGRzSApRTWJsUW9SdHRza2V0QVErODQ5cGVKd2xOaGUydkZ2OVRGMFFqQ0lRUmdZcW1LMWZ6NE13MUFuVHlpZ3dKYzQyCkw2U0NkS0l6NjZIMHhqL2hkNVNYVnQwUFMydVZWaVpGMkZ2emozbUFHakdWdzhQMUVWZVduWW8wSm4ydWY0S2YKOUplNExwa0FRR0NUNWlncVVmQ0xvQ2pUK1gwd051elNNS2IxQXl1cEltWkszTmpZN3pwMm92N2JaSFMzcm45MAppamU5U3YxajFuS3N4ejE4SDFCVkVLTXhJSnRCQWdNQkFBR2pXVEJYTUE0R0ExVWREd0VCL3dRRUF3SUNwREFQCkJnTlZIUk1CQWY4RUJUQURBUUgvTUIwR0ExVWREZ1FXQkJSOWMxb2kwVGxpY1NRQ1RGY21yQ0hPZzREUTdUQVYKQmdOVkhSRUVEakFNZ2dwcmRXSmxjbTVsZEdWek1BMEdDU3FHU0liM0RRRUJDd1VBQTRJQkFRQkpjZHNwbE4rVwoxZnVxUVlKUEVBR2FDZ0Z1elJEdjhtN0F0bzUzbnRzUXFNa3JtVGNDdml3QU5hSFp4ckFrZXVXblAzZ1FaWFB0CkVyMEdVQWhJZ0NXTjAyampWVW43bnR0QUUyUDZOYWR2a1pDTzlkU3ZLWUxCT3hDSHQ5dllSNU4xUk9xWUE3QzMKb2lRWlljMlJIZ2gzR0J4aFAwSVBoMlZwMmJlUHJEOG54MWViZHAvYlozcnZaU1p1c0ZGY1c4MHJ0bmhSK3liLwpZYURHRXhISVBhTnp4NlVVdGs0TDFjd2FjTDRkU2J4cmh5dHQxdTQrd3ViNC9mUWZZakUvdlhHOTVPVDRYZGpGClU5NDlZWFRnY3BncFcrREJlRHcxVFI1RWk2NnZDSlBIUlhsaEpHblhrZVZ2OERSdllwclBVZU1WVnE4c0RVR1cKa3pjeC95NXoxeFRoCi0tLS0tRU5EIENFUlRJRklDQVRFLS0tLS0K"
              }
            ],
            "cluster_id": null,
            "compute_config": [],
            "created_at": "2025-04-15T04:47:50Z",
            "enabled_cluster_log_types": [],
            "encryption_config": [],
            "endpoint": "https://9C2392676F700F6BD21E4C9E19D3EB12.gr7.ap-northeast-2.eks.amazonaws.com",
            "id": "alin-karpenter-cluster-132",
            "identity": [
              {
                "oidc": [
                  {
                    "issuer": "https://oidc.eks.ap-northeast-2.amazonaws.com/id/9C2392676F700F6BD21E4C9E19D3EB12"
                  }
                ]
              }
            ],
            "kubernetes_network_config": [
              {
                "elastic_load_balancing": [
                  {
                    "enabled": false
                  }
                ],
                "ip_family": "ipv4",
                "service_ipv4_cidr": "10.100.0.0/16",
                "service_ipv6_cidr": ""
              }
            ],
            "name": "alin-karpenter-cluster-132",
            "outpost_config": [],
            "platform_version": "eks.6",
            "remote_network_config": [],
            "role_arn": "arn:aws:iam::471627162277:role/alin-tf-eks-cluster-iam-role",
            "status": "ACTIVE",
            "storage_config": [],
            "tags": {
              "Name": "alin-karpenter-cluster-132",
              "key": "terraform"
            },
            "tags_all": {
              "Name": "alin-karpenter-cluster-132",
              "key": "terraform"
            },
            "timeouts": null,
            "upgrade_policy": [
              {
                "support_type": "EXTENDED"
              }
            ],
            "version": "1.32",
            "vpc_config": [
              {
                "cluster_security_group_id": "sg-02ecfa4e3026ee563",
                "endpoint_private_access": true,
                "endpoint_public_access": false,
                "public_access_cidrs": [],
                "security_group_ids": [],
                "subnet_ids": [
                  "subnet-0e392f4999cfc95f1",
                  "subnet-0f0102a0b05b176ca"
                ],
                "vpc_id": "vpc-05c31cb0564504fac"
              }
            ],
            "zonal_shift_config": []
          },
          "sensitive_attributes": [],
          "private": "eyJlMmJmYjczMC1lY2FhLTExZTYtOGY4OC0zNDM2M2JjN2M0YzAiOnsiY3JlYXRlIjoxODAwMDAwMDAwMDAwLCJkZWxldGUiOjkwMDAwMDAwMDAwMCwidXBkYXRlIjozNjAwMDAwMDAwMDAwfSwic2NoZW1hX3ZlcnNpb24iOiIxIn0=",
          "dependencies": [
            "data.aws_subnets.existing_subnets"
          ]
        }
      ]
    },
    {
      "mode": "managed",
      "type": "aws_eks_node_group",
      "name": "eks_ng",
      "provider": "provider[\"registry.terraform.io/hashicorp/aws\"]",
      "instances": [
        {
          "schema_version": 0,
          "attributes": {
            "ami_type": "AL2023_x86_64_STANDARD",
            "arn": "arn:aws:eks:ap-northeast-2:471627162277:nodegroup/alin-karpenter-cluster-132/alin-karpenter-eks-ng-132/a2cb1be7-7ad9-2413-7468-73fd022b6454",
            "capacity_type": "ON_DEMAND",
            "cluster_name": "alin-karpenter-cluster-132",
            "disk_size": 20,
            "force_update_version": null,
            "id": "alin-karpenter-cluster-132:alin-karpenter-eks-ng-132",
            "instance_types": [
              "c5.large"
            ],
            "labels": {},
            "launch_template": [],
            "node_group_name": "alin-karpenter-eks-ng-132",
            "node_group_name_prefix": "",
            "node_repair_config": [],
            "node_role_arn": "arn:aws:iam::471627162277:role/alin-tf-eks-ng-iam-role",
            "release_version": "1.32.1-20250410",
            "remote_access": [],
            "resources": [
              {
                "autoscaling_groups": [
                  {
                    "name": "eks-alin-karpenter-eks-ng-132-a2cb1be7-7ad9-2413-7468-73fd022b6454"
                  }
                ],
                "remote_access_security_group_id": ""
              }
            ],
            "scaling_config": [
              {
                "desired_size": 1,
                "max_size": 2,
                "min_size": 1
              }
            ],
            "status": "ACTIVE",
            "subnet_ids": [
              "subnet-0e392f4999cfc95f1",
              "subnet-0f0102a0b05b176ca"
            ],
            "tags": {},
            "tags_all": {},
            "taint": [],
            "timeouts": null,
            "update_config": [
              {
                "max_unavailable": 1,
                "max_unavailable_percentage": 0
              }
            ],
            "version": "1.32"
          },
          "sensitive_attributes": [],
          "private": "eyJlMmJmYjczMC1lY2FhLTExZTYtOGY4OC0zNDM2M2JjN2M0YzAiOnsiY3JlYXRlIjozNjAwMDAwMDAwMDAwLCJkZWxldGUiOjM2MDAwMDAwMDAwMDAsInVwZGF0ZSI6MzYwMDAwMDAwMDAwMH19",
          "dependencies": [
            "aws_eks_cluster.eks_cluster",
            "data.aws_subnets.existing_subnets"
          ]
        }
      ]
    }
  ]
}
