{
  "version": 4,
  "terraform_version": "1.1.7",
  "serial": 31,
  "lineage": "80c97a40-f58a-3df1-39c7-075c6d04cd9f",
  "outputs": {
    "eks_cluster_endpoint": {
      "value": "https://7ABFB61FCB9D50E12350FE3C2F7E2DAE.yl4.ap-northeast-2.eks.amazonaws.com",
      "type": "string"
    },
    "eks_cluster_id": {
      "value": "alin-cluster",
      "type": "string"
    }
  },
  "resources": [
    {
      "mode": "data",
      "type": "aws_subnets",
      "name": "compute_private",
      "provider": "provider[\"registry.terraform.io/hashicorp/aws\"]",
      "instances": [
        {
          "schema_version": 0,
          "attributes": {
            "filter": [
              {
                "name": "tag:eks",
                "values": [
                  "terraform"
                ]
              }
            ],
            "id": "ap-northeast-2",
            "ids": [
              "subnet-029b34bfd267ca6f1",
              "subnet-099b98463b46de810"
            ],
            "tags": null,
            "timeouts": null
          },
          "sensitive_attributes": []
        }
      ]
    },
    {
      "mode": "data",
      "type": "aws_vpc",
      "name": "existing_vpc",
      "provider": "provider[\"registry.terraform.io/hashicorp/aws\"]",
      "instances": [
        {
          "schema_version": 0,
          "attributes": {
            "arn": "arn:aws:ec2:ap-northeast-2:471627162277:vpc/vpc-015089250a11ba3a8",
            "cidr_block": "10.224.0.0/16",
            "cidr_block_associations": [
              {
                "association_id": "vpc-cidr-assoc-0e66051802f13429e",
                "cidr_block": "10.224.0.0/16",
                "state": "associated"
              }
            ],
            "default": false,
            "dhcp_options_id": "dopt-0aa0fceefe577b558",
            "enable_dns_hostnames": false,
            "enable_dns_support": true,
            "enable_network_address_usage_metrics": false,
            "filter": [
              {
                "name": "tag:key",
                "values": [
                  "terraform"
                ]
              }
            ],
            "id": "vpc-015089250a11ba3a8",
            "instance_tenancy": "default",
            "ipv6_association_id": "",
            "ipv6_cidr_block": "",
            "main_route_table_id": "rtb-0f3c27c97e2409584",
            "owner_id": "471627162277",
            "state": null,
            "tags": {
              "Name": "alin-test-vpc",
              "key": "terraform"
            },
            "timeouts": null
          },
          "sensitive_attributes": []
        }
      ]
    },
    {
      "mode": "managed",
      "type": "aws_eks_addon",
      "name": "coredns",
      "provider": "provider[\"registry.terraform.io/hashicorp/aws\"]",
      "instances": [
        {
          "status": "tainted",
          "schema_version": 0,
          "attributes": {
            "addon_name": "coredns",
            "addon_version": "v1.11.4-eksbuild.2",
            "arn": null,
            "cluster_name": "alin-cluster",
            "configuration_values": null,
            "created_at": null,
            "id": "alin-cluster:coredns",
            "modified_at": null,
            "preserve": null,
            "resolve_conflicts": null,
            "service_account_role_arn": null,
            "tags": null,
            "tags_all": null,
            "timeouts": null
          },
          "sensitive_attributes": [],
          "private": "eyJlMmJmYjczMC1lY2FhLTExZTYtOGY4OC0zNDM2M2JjN2M0YzAiOnsiY3JlYXRlIjoxMjAwMDAwMDAwMDAwLCJkZWxldGUiOjI0MDAwMDAwMDAwMDAsInVwZGF0ZSI6MTIwMDAwMDAwMDAwMH19",
          "dependencies": [
            "aws_eks_cluster.eks_cluster",
            "data.aws_subnets.compute_private"
          ]
        }
      ]
    },
    {
      "mode": "managed",
      "type": "aws_eks_addon",
      "name": "kube_proxy",
      "provider": "provider[\"registry.terraform.io/hashicorp/aws\"]",
      "instances": [
        {
          "schema_version": 0,
          "attributes": {
            "addon_name": "kube-proxy",
            "addon_version": "v1.32.0-eksbuild.2",
            "arn": "arn:aws:eks:ap-northeast-2:471627162277:addon/alin-cluster/kube-proxy/84caf541-14df-7e08-3161-70e2d9ee7da5",
            "cluster_name": "alin-cluster",
            "configuration_values": "",
            "created_at": "2025-03-31T04:42:34Z",
            "id": "alin-cluster:kube-proxy",
            "modified_at": "2025-03-31T04:44:41Z",
            "preserve": null,
            "resolve_conflicts": null,
            "service_account_role_arn": "",
            "tags": null,
            "tags_all": {},
            "timeouts": null
          },
          "sensitive_attributes": [],
          "private": "eyJlMmJmYjczMC1lY2FhLTExZTYtOGY4OC0zNDM2M2JjN2M0YzAiOnsiY3JlYXRlIjoxMjAwMDAwMDAwMDAwLCJkZWxldGUiOjI0MDAwMDAwMDAwMDAsInVwZGF0ZSI6MTIwMDAwMDAwMDAwMH19",
          "dependencies": [
            "aws_eks_cluster.eks_cluster",
            "data.aws_subnets.compute_private"
          ]
        }
      ]
    },
    {
      "mode": "managed",
      "type": "aws_eks_addon",
      "name": "vpc_cni",
      "provider": "provider[\"registry.terraform.io/hashicorp/aws\"]",
      "instances": [
        {
          "schema_version": 0,
          "attributes": {
            "addon_name": "vpc-cni",
            "addon_version": "v1.19.2-eksbuild.1",
            "arn": "arn:aws:eks:ap-northeast-2:471627162277:addon/alin-cluster/vpc-cni/d6caf541-14e6-78ff-9255-df561edca982",
            "cluster_name": "alin-cluster",
            "configuration_values": "",
            "created_at": "2025-03-31T04:42:33Z",
            "id": "alin-cluster:vpc-cni",
            "modified_at": "2025-03-31T04:44:43Z",
            "preserve": null,
            "resolve_conflicts": null,
            "service_account_role_arn": "",
            "tags": null,
            "tags_all": {},
            "timeouts": null
          },
          "sensitive_attributes": [],
          "private": "eyJlMmJmYjczMC1lY2FhLTExZTYtOGY4OC0zNDM2M2JjN2M0YzAiOnsiY3JlYXRlIjoxMjAwMDAwMDAwMDAwLCJkZWxldGUiOjI0MDAwMDAwMDAwMDAsInVwZGF0ZSI6MTIwMDAwMDAwMDAwMH19",
          "dependencies": [
            "aws_eks_cluster.eks_cluster",
            "data.aws_subnets.compute_private"
          ]
        }
      ]
    },
    {
      "mode": "managed",
      "type": "aws_eks_cluster",
      "name": "eks_cluster",
      "provider": "provider[\"registry.terraform.io/hashicorp/aws\"]",
      "instances": [
        {
          "schema_version": 0,
          "attributes": {
            "arn": "arn:aws:eks:ap-northeast-2:471627162277:cluster/alin-cluster",
            "certificate_authority": [
              {
                "data": "LS0tLS1CRUdJTiBDRVJUSUZJQ0FURS0tLS0tCk1JSURCVENDQWUyZ0F3SUJBZ0lJRDRHRzhnbjkrMEl3RFFZSktvWklodmNOQVFFTEJRQXdGVEVUTUJFR0ExVUUKQXhNS2EzVmlaWEp1WlhSbGN6QWVGdzB5TlRBek16RXdORE16TWpKYUZ3MHpOVEF6TWprd05ETTRNakphTUJVeApFekFSQmdOVkJBTVRDbXQxWW1WeWJtVjBaWE13Z2dFaU1BMEdDU3FHU0liM0RRRUJBUVVBQTRJQkR3QXdnZ0VLCkFvSUJBUUN5V0dyS1BKMXNwaVdVaFZBamdlU25sUlZ0Rkt0Ty9ZelVsYWtvK3gwQzlvd2VNbHNJOTQ1WkhqNFkKcDg1am5ZbGhxUHZpMzN0Y29jUXF5RkZwenY1Q2g1bnZMT3U4WU8wMWdwMGR1Q3U2TW44cGJ2ZG5NcHpEZElENwoyYWp5MjdMTldvN2d6blQ5enQyVXpXMUtod0xEN04yVXJBRzJXeFlaekdFWGhPRGlSZk9GaFd6YmNQYURsYUpyCjhxREw4VG05bzFpWWhHT09ERzg5MGhJVmhXQlVxbk9sVDcweDBMMkZNdWNYSEpFcG5QcXpiQWd2Y2FpNFNBZnEKb2srSExvaEIzVDlucS9aYXFEemtnQ0NDLzJDSXA3aDFoUHducHZBWHdwcDdWU08xRG5GdzlwRGI0TTN5c2NDUQpMUnhFSTFVWFg3Q0hOVXNvRTdETWNMWHRvR2tGQWdNQkFBR2pXVEJYTUE0R0ExVWREd0VCL3dRRUF3SUNwREFQCkJnTlZIUk1CQWY4RUJUQURBUUgvTUIwR0ExVWREZ1FXQkJRQzRyWFRhcnNxYTZjNnNzdjVHOFR6MGZRMDJUQVYKQmdOVkhSRUVEakFNZ2dwcmRXSmxjbTVsZEdWek1BMEdDU3FHU0liM0RRRUJDd1VBQTRJQkFRQXlEVGhZamFSeQpPN0tXVFdDK0prTFVSb3pwK0czZzVibmhvSjRvcE1za2tBR2tOSyt0K1hWeXAxN2NEK2g2Y0Z0UjJkRnVvdFQzClBCUnErVS8yOVdhaWg1SVlrS1dYOGhMR08zY3J1NnZ0RlcyR0dMQ0JabjltKzgyUzgrYVBReUN1UGxkNWJvb1oKVlJldmJmSVY4cTFlcDJESjRVYWJxMmlrMmJCb1JrYTFERndIVzM3UVdsNG84NlhkZnZBaTN3NFJTNGNtK01wNwptMkFzN3pSVmNpUE5JcjhBaWJTOGdpWDA5OHF2ZVEzMmtHWlFJbDdySUV0NXRYWThJbmxHN1NSVklHY2dWM09lCmpjT1BucE83TCtYU04xMld4SkJzZm90RFhEUGlSalNXSk0vc2JKeFdMYSt1RlBISVkzRVB1UzBrbXdxNXdwQlIKM0dyMTFPRXh3VXVmCi0tLS0tRU5EIENFUlRJRklDQVRFLS0tLS0K"
              }
            ],
            "cluster_id": null,
            "created_at": "2025-03-31 04:34:02.629 +0000 UTC",
            "enabled_cluster_log_types": null,
            "encryption_config": [],
            "endpoint": "https://7ABFB61FCB9D50E12350FE3C2F7E2DAE.yl4.ap-northeast-2.eks.amazonaws.com",
            "id": "alin-cluster",
            "identity": [
              {
                "oidc": [
                  {
                    "issuer": "https://oidc.eks.ap-northeast-2.amazonaws.com/id/7ABFB61FCB9D50E12350FE3C2F7E2DAE"
                  }
                ]
              }
            ],
            "kubernetes_network_config": [
              {
                "ip_family": "ipv4",
                "service_ipv4_cidr": "172.20.0.0/16",
                "service_ipv6_cidr": ""
              }
            ],
            "name": "alin-cluster",
            "outpost_config": [],
            "platform_version": "eks.6",
            "role_arn": "arn:aws:iam::471627162277:role/dg_eks_cluster_role",
            "status": "ACTIVE",
            "tags": {
              "Name": "alin-cluster",
              "key": "terraform"
            },
            "tags_all": {
              "Name": "alin-cluster",
              "key": "terraform"
            },
            "timeouts": null,
            "version": "1.32",
            "vpc_config": [
              {
                "cluster_security_group_id": "sg-05f015678f01b7698",
                "endpoint_private_access": true,
                "endpoint_public_access": false,
                "public_access_cidrs": [],
                "security_group_ids": null,
                "subnet_ids": [
                  "subnet-029b34bfd267ca6f1",
                  "subnet-099b98463b46de810"
                ],
                "vpc_id": "vpc-015089250a11ba3a8"
              }
            ]
          },
          "sensitive_attributes": [],
          "private": "eyJlMmJmYjczMC1lY2FhLTExZTYtOGY4OC0zNDM2M2JjN2M0YzAiOnsiY3JlYXRlIjoxODAwMDAwMDAwMDAwLCJkZWxldGUiOjkwMDAwMDAwMDAwMCwidXBkYXRlIjozNjAwMDAwMDAwMDAwfX0=",
          "dependencies": [
            "data.aws_subnets.compute_private"
          ]
        }
      ]
    }
  ]
}
