{
  "version": 4,
  "terraform_version": "1.1.7",
  "serial": 3,
  "lineage": "fa77c869-99ff-9d9f-242b-e7ef15830209",
  "outputs": {},
  "resources": [
    {
      "mode": "data",
      "type": "aws_eks_cluster",
      "name": "eks_cluster_name",
      "provider": "provider[\"registry.terraform.io/hashicorp/aws\"]",
      "instances": [
        {
          "schema_version": 0,
          "attributes": {
            "arn": "arn:aws:eks:ap-northeast-2:471627162277:cluster/alin-test-cluster",
            "certificate_authority": [
              {
                "data": "LS0tLS1CRUdJTiBDRVJUSUZJQ0FURS0tLS0tCk1JSURCVENDQWUyZ0F3SUJBZ0lJZnJsR2lFMTFaeEl3RFFZSktvWklodmNOQVFFTEJRQXdGVEVUTUJFR0ExVUUKQXhNS2EzVmlaWEp1WlhSbGN6QWVGdzB5TlRBek16RXdNVEEwTUROYUZ3MHpOVEF6TWprd01UQTVNRE5hTUJVeApFekFSQmdOVkJBTVRDbXQxWW1WeWJtVjBaWE13Z2dFaU1BMEdDU3FHU0liM0RRRUJBUVVBQTRJQkR3QXdnZ0VLCkFvSUJBUURDUnJiMlNqcDlOSWorVmRHTnBudTQ4WS9lM1RMd0IrdUFSN3hqTTFBNEptSFAyVVlxN3NvcVQwRXUKejJYOEFRTzk0bFFBSFhXMHpFazJNRWdzRTZDVnBScldzVUVmMlRaMDZsYjJmRy9SQVlPeEpVZlVQTnVXQzZtZApsVDk4VVVOWUhOWE4vaE9TM1FDSzVzME1JNEFLTkhVSE5UeHUyK3JueEZQWmpRcEdxcFEvZFlNNTBTTjUrc2laCmhFditISWNxQXNaVm92WVljUkdqdS9WemVoQlMvdFRZZEtsNUUzTkVnZHZ5QUR5bTNXQkR5UUVVYTFGNjNTZkYKOEZHSTJEdGh1RU1wdEZNUXoyeWJ6ZVp4TGh2STA3WWovYlVrc1RYRzNwdlFJcDVqYnRueW5XTjEvV1NLeEk4MwpaVUtCOWdhNWF0elVXUW4wMVFnS2tBeWtZN01sQWdNQkFBR2pXVEJYTUE0R0ExVWREd0VCL3dRRUF3SUNwREFQCkJnTlZIUk1CQWY4RUJUQURBUUgvTUIwR0ExVWREZ1FXQkJUMGMrayt2ZWdnaGxRV0FXbnN1N3gxeGlYMllqQVYKQmdOVkhSRUVEakFNZ2dwcmRXSmxjbTVsZEdWek1BMEdDU3FHU0liM0RRRUJDd1VBQTRJQkFRQXhIWnNuamNBUgpGZVVxTURaSDA3N3QxNitKU3hRVEFVSVpDMnRDZFkzKzdCOGVZV1d5K1dMSFQ5K3phQ0srZG51RUtjRGlYZllICnBnUkJzc0o1U3pBZDVZVFVFVG8yMkNuQW4xQnVrbi92WEptWXRtRE85Y3BRQ0RyaytaRjMxNnV4cmhteklLMVUKdTNYZmQ0VWRiOXNFZ2psek9pSFU0dUVzOWIrcHZjS3g1czJPRDU3eU1QTXg3TzllSnMwemc2clFRWThqVktNbgpwOTI0a1p6c1RDaFhpZ2NydXpET3VrL01TdEl5WkdPNVpIcGRTRzdxRmJHdjJDd2VQUzhGZU5IQkJmZURjZ3hjCmt4NTgzaVByTmhhbHlmdjRJMkd4cUdQbGExL2k2UUJoZzgxdUYwUEhqZll2MlhPWWtXRWlmeXJtZnhpNU1iRmsKUlh3dUlGN1I1aWx5Ci0tLS0tRU5EIENFUlRJRklDQVRFLS0tLS0K"
              }
            ],
            "cluster_id": null,
            "created_at": "2025-03-31 01:04:49.833 +0000 UTC",
            "enabled_cluster_log_types": [],
            "endpoint": "https://39C3CD3E9079D5030392E8EB200CAB91.yl4.ap-northeast-2.eks.amazonaws.com",
            "id": "alin-test-cluster",
            "identity": [
              {
                "oidc": [
                  {
                    "issuer": "https://oidc.eks.ap-northeast-2.amazonaws.com/id/39C3CD3E9079D5030392E8EB200CAB91"
                  }
                ]
              }
            ],
            "kubernetes_network_config": [
              {
                "ip_family": "ipv4",
                "service_ipv4_cidr": "172.20.0.0/16",
                "service_ipv6_cidr": ""
              }
            ],
            "name": "alin-test-cluster",
            "outpost_config": [],
            "platform_version": "eks.6",
            "role_arn": "arn:aws:iam::471627162277:role/dg_eks_cluster_role",
            "status": "ACTIVE",
            "tags": {
              "Name": "alin-test-cluster",
              "key": "terraform"
            },
            "version": "1.32",
            "vpc_config": [
              {
                "cluster_security_group_id": "sg-01c3b8bb83297cc74",
                "endpoint_private_access": true,
                "endpoint_public_access": false,
                "public_access_cidrs": [],
                "security_group_ids": [],
                "subnet_ids": [
                  "subnet-029b34bfd267ca6f1",
                  "subnet-099b98463b46de810"
                ],
                "vpc_id": "vpc-015089250a11ba3a8"
              }
            ]
          },
          "sensitive_attributes": []
        }
      ]
    },
    {
      "mode": "data",
      "type": "aws_subnets",
      "name": "compute_private",
      "provider": "provider[\"registry.terraform.io/hashicorp/aws\"]",
      "instances": [
        {
          "schema_version": 0,
          "attributes": {
            "filter": [
              {
                "name": "tag:eks",
                "values": [
                  "terraform"
                ]
              }
            ],
            "id": "ap-northeast-2",
            "ids": [
              "subnet-029b34bfd267ca6f1",
              "subnet-099b98463b46de810"
            ],
            "tags": null,
            "timeouts": null
          },
          "sensitive_attributes": []
        }
      ]
    },
    {
      "mode": "managed",
      "type": "aws_eks_node_group",
      "name": "eks_ng",
      "provider": "provider[\"registry.terraform.io/hashicorp/aws\"]",
      "instances": [
        {
          "status": "tainted",
          "schema_version": 0,
          "attributes": {
            "ami_type": null,
            "arn": null,
            "capacity_type": null,
            "cluster_name": "alin-test-cluster",
            "disk_size": null,
            "force_update_version": null,
            "id": "alin-test-cluster:alin-test-eks-ng",
            "instance_types": [
              "t3.medium"
            ],
            "labels": null,
            "launch_template": [],
            "node_group_name": "alin-test-eks-ng",
            "node_group_name_prefix": null,
            "node_role_arn": "arn:aws:iam::471627162277:role/dg_eks_cluster_role",
            "release_version": null,
            "remote_access": [],
            "resources": null,
            "scaling_config": [
              {
                "desired_size": 1,
                "max_size": 2,
                "min_size": 1
              }
            ],
            "status": null,
            "subnet_ids": [
              "subnet-029b34bfd267ca6f1",
              "subnet-099b98463b46de810"
            ],
            "tags": null,
            "tags_all": null,
            "taint": [],
            "timeouts": null,
            "update_config": [
              {
                "max_unavailable": 1,
                "max_unavailable_percentage": 0
              }
            ],
            "version": null
          },
          "sensitive_attributes": [],
          "private": "eyJlMmJmYjczMC1lY2FhLTExZTYtOGY4OC0zNDM2M2JjN2M0YzAiOnsiY3JlYXRlIjozNjAwMDAwMDAwMDAwLCJkZWxldGUiOjM2MDAwMDAwMDAwMDAsInVwZGF0ZSI6MzYwMDAwMDAwMDAwMH19",
          "dependencies": [
            "data.aws_eks_cluster.eks_cluster_name",
            "data.aws_subnets.compute_private"
          ]
        }
      ]
    }
  ]
}
